
Microsoft Visual Studio Solution File, Format Version 12.00
# Visual Studio Version 17
VisualStudioVersion = 17.0.32002.185
MinimumVisualStudioVersion = 10.0.40219.1
Project("{9A19103F-16F7-4668-BE54-9A1E7A4F7556}") = "StatiCsharp", "StatiCsharp.csproj", "{FA3C2B56-1721-41A1-AA18-4D8535499713}"
EndProject
Project("{9A19103F-16F7-4668-BE54-9A1E7A4F7556}") = "StatiCsharp-playground", "..\StatiCsharp-playground\StatiCsharp-playground.csproj", "{D6FF9380-B325-40F6-AAD9-F18388490AA2}"
EndProject
Project("{9A19103F-16F7-4668-BE54-9A1E7A4F7556}") = "website", "..\website\website.csproj", "{62F62139-E112-4A6F-B372-6AFA7F18CC11}"
EndProject
Global
	GlobalSection(SolutionConfigurationPlatforms) = preSolution
		Debug|Any CPU = Debug|Any CPU
		Release|Any CPU = Release|Any CPU
	EndGlobalSection
	GlobalSection(ProjectConfigurationPlatforms) = postSolution
		{FA3C2B56-1721-41A1-AA18-4D8535499713}.Debug|Any CPU.ActiveCfg = Debug|Any CPU
		{FA3C2B56-1721-41A1-AA18-4D8535499713}.Debug|Any CPU.Build.0 = Debug|Any CPU
		{FA3C2B56-1721-41A1-AA18-4D8535499713}.Release|Any CPU.ActiveCfg = Release|Any CPU
		{FA3C2B56-1721-41A1-AA18-4D8535499713}.Release|Any CPU.Build.0 = Release|Any CPU
		{D6FF9380-B325-40F6-AAD9-F18388490AA2}.Debug|Any CPU.ActiveCfg = Debug|Any CPU
		{D6FF9380-B325-40F6-AAD9-F18388490AA2}.Debug|Any CPU.Build.0 = Debug|Any CPU
		{D6FF9380-B325-40F6-AAD9-F18388490AA2}.Release|Any CPU.ActiveCfg = Release|Any CPU
		{D6FF9380-B325-40F6-AAD9-F18388490AA2}.Release|Any CPU.Build.0 = Release|Any CPU
		{62F62139-E112-4A6F-B372-6AFA7F18CC11}.Debug|Any CPU.ActiveCfg = Debug|Any CPU
		{62F62139-E112-4A6F-B372-6AFA7F18CC11}.Debug|Any CPU.Build.0 = Debug|Any CPU
		{62F62139-E112-4A6F-B372-6AFA7F18CC11}.Release|Any CPU.ActiveCfg = Release|Any CPU
		{62F62139-E112-4A6F-B372-6AFA7F18CC11}.Release|Any CPU.Build.0 = Release|Any CPU
	EndGlobalSection
	GlobalSection(SolutionProperties) = preSolution
		HideSolutionNode = FALSE
	EndGlobalSection
	GlobalSection(ExtensibilityGlobals) = postSolution
		SolutionGuid = {FC4E0A3E-E55F-4ED3-A2CC-F95457FD98C5}
	EndGlobalSection
EndGlobal
